<Solution>
  <Folder Name="/Solution Items/">
    <File Path="DataBase/Airline Information System ERDiagram.drawio (1).png" />
  </Folder>
  <Project Path="HotelManagementSystem/HotelManagementSystem.csproj" Id="60ad2cfd-2613-413c-97e1-aa212f18555e" />
  <Project Path="miniproject1_solution/miniproject1_solution.csproj" Id="7cfa21e8-d5c1-4edf-bfde-87a195ff672b" />
  <Project Path="Task 3/Task3_Solutions.csproj" Id="0f7a78ed-03cc-43b2-8b3c-aaa93d36466e" />
  <Project Path="Task1_Solutions/Task1_Solutions.csproj" />
  <Project Path="Task2_Solutions/Task2_Solutions.csproj" Id="295fb354-738e-4a43-ba70-faba8f84e04c" />
  <Project Path="Task4_Solution/Task4_Solution.csproj" Id="61fcc664-8f15-4706-9ecc-a25f8c281d0e" />
  <Project Path="Task5/Task5_Solutions.csproj" Id="d36072c3-d26d-4a15-963f-b0b87ebbd9bd" />
  <Project Path="Task6_Solution/Task6_Solution.csproj" Id="bde93dd4-4168-468d-aaa9-2faddde51a03" />
  <Project Path="test/test.csproj" Id="de157ec0-0372-4306-8f9b-e9dcb6ab5b9b" />
</Solution>
